
Microsoft Visual Studio Solution File, Format Version 12.00
# Visual Studio Version 17
VisualStudioVersion = 17.9.34723.18
MinimumVisualStudioVersion = 10.0.40219.1
Project("{FAE04EC0-301F-11D3-BF4B-00C04F79EFBC}") = "EnergyDataService", "EnergyDataService\EnergyDataService.csproj", "{68157625-1528-4403-A5A1-1E673A131F6C}"
EndProject
Global
	GlobalSection(SolutionConfigurationPlatforms) = preSolution
		Debug|Any CPU = Debug|Any CPU
		Release|Any CPU = Release|Any CPU
	EndGlobalSection
	GlobalSection(ProjectConfigurationPlatforms) = postSolution
		{68157625-1528-4403-A5A1-1E673A131F6C}.Debug|Any CPU.ActiveCfg = Debug|Any CPU
		{68157625-1528-4403-A5A1-1E673A131F6C}.Debug|Any CPU.Build.0 = Debug|Any CPU
		{68157625-1528-4403-A5A1-1E673A131F6C}.Release|Any CPU.ActiveCfg = Release|Any CPU
		{68157625-1528-4403-A5A1-1E673A131F6C}.Release|Any CPU.Build.0 = Release|Any CPU
	EndGlobalSection
	GlobalSection(SolutionProperties) = preSolution
		HideSolutionNode = FALSE
	EndGlobalSection
	GlobalSection(ExtensibilityGlobals) = postSolution
		SolutionGuid = {73141991-D031-41DA-839A-3FAFD1FABD48}
	EndGlobalSection
EndGlobal
